
Microsoft Visual Studio Solution File, Format Version 12.00
# Visual Studio Version 17
VisualStudioVersion = 17.13.35931.197
MinimumVisualStudioVersion = 10.0.40219.1
Project("{FAE04EC0-301F-11D3-BF4B-00C04F79EFBC}") = "NetShield.RateLimiter", "NetShield.RateLimiter\NetShield.RateLimiter.csproj", "{2F746F57-179E-4D27-8781-D9F2845AD03D}"
EndProject
Project("{FAE04EC0-301F-11D3-BF4B-00C04F79EFBC}") = "NetShield.RateLimiter.Example", "NetShield.RateLimiter.Example\NetShield.RateLimiter.Example.csproj", "{2F1917C8-9D99-422C-826A-D4EBE6AEA1BE}"
EndProject
Global
	GlobalSection(SolutionConfigurationPlatforms) = preSolution
		Debug|Any CPU = Debug|Any CPU
		Release|Any CPU = Release|Any CPU
	EndGlobalSection
	GlobalSection(ProjectConfigurationPlatforms) = postSolution
		{2F746F57-179E-4D27-8781-D9F2845AD03D}.Debug|Any CPU.ActiveCfg = Debug|Any CPU
		{2F746F57-179E-4D27-8781-D9F2845AD03D}.Debug|Any CPU.Build.0 = Debug|Any CPU
		{2F746F57-179E-4D27-8781-D9F2845AD03D}.Release|Any CPU.ActiveCfg = Release|Any CPU
		{2F746F57-179E-4D27-8781-D9F2845AD03D}.Release|Any CPU.Build.0 = Release|Any CPU
		{2F1917C8-9D99-422C-826A-D4EBE6AEA1BE}.Debug|Any CPU.ActiveCfg = Debug|Any CPU
		{2F1917C8-9D99-422C-826A-D4EBE6AEA1BE}.Debug|Any CPU.Build.0 = Debug|Any CPU
		{2F1917C8-9D99-422C-826A-D4EBE6AEA1BE}.Release|Any CPU.ActiveCfg = Release|Any CPU
		{2F1917C8-9D99-422C-826A-D4EBE6AEA1BE}.Release|Any CPU.Build.0 = Release|Any CPU
	EndGlobalSection
	GlobalSection(SolutionProperties) = preSolution
		HideSolutionNode = FALSE
	EndGlobalSection
	GlobalSection(ExtensibilityGlobals) = postSolution
		SolutionGuid = {F3CA56AB-5821-471E-BBE7-7E2C9D816803}
	EndGlobalSection
EndGlobal
